
Microsoft Visual Studio Solution File, Format Version 12.00
# Visual Studio Version 17
VisualStudioVersion = 17.11.35312.102
MinimumVisualStudioVersion = 10.0.40219.1
Project("{8BC9CEB8-8B4A-11D0-8D11-00A0C91BC942}") = "lab_07.1_it", "lab_07.1_it\lab_07.1_it.vcxproj", "{FAE09EF1-1D20-4130-A0E0-7378C8C1DB67}"
EndProject
Project("{8BC9CEB8-8B4A-11D0-8D11-00A0C91BC942}") = "UnitTest_07.1_it", "UnitTest_07.1_it\UnitTest_07.1_it.vcxproj", "{8D1BFEA2-2A12-400B-8483-EAE3135E3681}"
EndProject
Global
	GlobalSection(SolutionConfigurationPlatforms) = preSolution
		Debug|x64 = Debug|x64
		Debug|x86 = Debug|x86
		Release|x64 = Release|x64
		Release|x86 = Release|x86
	EndGlobalSection
	GlobalSection(ProjectConfigurationPlatforms) = postSolution
		{FAE09EF1-1D20-4130-A0E0-7378C8C1DB67}.Debug|x64.ActiveCfg = Debug|x64
		{FAE09EF1-1D20-4130-A0E0-7378C8C1DB67}.Debug|x64.Build.0 = Debug|x64
		{FAE09EF1-1D20-4130-A0E0-7378C8C1DB67}.Debug|x86.ActiveCfg = Debug|Win32
		{FAE09EF1-1D20-4130-A0E0-7378C8C1DB67}.Debug|x86.Build.0 = Debug|Win32
		{FAE09EF1-1D20-4130-A0E0-7378C8C1DB67}.Release|x64.ActiveCfg = Release|x64
		{FAE09EF1-1D20-4130-A0E0-7378C8C1DB67}.Release|x64.Build.0 = Release|x64
		{FAE09EF1-1D20-4130-A0E0-7378C8C1DB67}.Release|x86.ActiveCfg = Release|Win32
		{FAE09EF1-1D20-4130-A0E0-7378C8C1DB67}.Release|x86.Build.0 = Release|Win32
		{8D1BFEA2-2A12-400B-8483-EAE3135E3681}.Debug|x64.ActiveCfg = Debug|x64
		{8D1BFEA2-2A12-400B-8483-EAE3135E3681}.Debug|x64.Build.0 = Debug|x64
		{8D1BFEA2-2A12-400B-8483-EAE3135E3681}.Debug|x86.ActiveCfg = Debug|Win32
		{8D1BFEA2-2A12-400B-8483-EAE3135E3681}.Debug|x86.Build.0 = Debug|Win32
		{8D1BFEA2-2A12-400B-8483-EAE3135E3681}.Release|x64.ActiveCfg = Release|x64
		{8D1BFEA2-2A12-400B-8483-EAE3135E3681}.Release|x64.Build.0 = Release|x64
		{8D1BFEA2-2A12-400B-8483-EAE3135E3681}.Release|x86.ActiveCfg = Release|Win32
		{8D1BFEA2-2A12-400B-8483-EAE3135E3681}.Release|x86.Build.0 = Release|Win32
	EndGlobalSection
	GlobalSection(SolutionProperties) = preSolution
		HideSolutionNode = FALSE
	EndGlobalSection
	GlobalSection(ExtensibilityGlobals) = postSolution
		SolutionGuid = {D2C21627-CB67-4C92-895E-1B791D7C6D0B}
	EndGlobalSection
EndGlobal
